// !$*UTF8*$!
{
	archiveVersion = 1;
	classes = {
	};
	objectVersion = 50;
	objects = {

/* Begin PBXBuildFile section */
		9447751E24EC15A400878062 /* Tests_iOS.swift in Sources */ = {isa = PBXBuildFile; fileRef = 9447751D24EC15A400878062 /* Tests_iOS.swift */; };
		9447752924EC15A400878062 /* Tests_macOS.swift in Sources */ = {isa = PBXBuildFile; fileRef = 9447752824EC15A400878062 /* Tests_macOS.swift */; };
		9447752B24EC15A400878062 /* RockPaperScissorsApp.swift in Sources */ = {isa = PBXBuildFile; fileRef = 9447750224EC15A300878062 /* RockPaperScissorsApp.swift */; };
		9447752C24EC15A400878062 /* RockPaperScissorsApp.swift in Sources */ = {isa = PBXBuildFile; fileRef = 9447750224EC15A300878062 /* RockPaperScissorsApp.swift */; };
		9447752F24EC15A400878062 /* Assets.xcassets in Resources */ = {isa = PBXBuildFile; fileRef = 9447750424EC15A400878062 /* Assets.xcassets */; };
		9447753024EC15A400878062 /* Assets.xcassets in Resources */ = {isa = PBXBuildFile; fileRef = 9447750424EC15A400878062 /* Assets.xcassets */; };
/* End PBXBuildFile section */

/* Begin PBXContainerItemProxy section */
		9447751A24EC15A400878062 /* PBXContainerItemProxy */ = {
			isa = PBXContainerItemProxy;
			containerPortal = 944774FD24EC15A200878062 /* Project object */;
			proxyType = 1;
			remoteGlobalIDString = 9447750824EC15A400878062;
			remoteInfo = "RockPaperScissors (iOS)";
		};
		9447752524EC15A400878062 /* PBXContainerItemProxy */ = {
			isa = PBXContainerItemProxy;
			containerPortal = 944774FD24EC15A200878062 /* Project object */;
			proxyType = 1;
			remoteGlobalIDString = 9447751024EC15A400878062;
			remoteInfo = "RockPaperScissors (macOS)";
		};
/* End PBXContainerItemProxy section */

/* Begin PBXFileReference section */
		9447750224EC15A300878062 /* RockPaperScissorsApp.swift */ = {isa = PBXFileReference; lastKnownFileType = sourcecode.swift; path = RockPaperScissorsApp.swift; sourceTree = "<group>"; };
		9447750424EC15A400878062 /* Assets.xcassets */ = {isa = PBXFileReference; lastKnownFileType = folder.assetcatalog; path = Assets.xcassets; sourceTree = "<group>"; };
		9447750924EC15A400878062 /* RockPaperScissors.app */ = {isa = PBXFileReference; explicitFileType = wrapper.application; includeInIndex = 0; path = RockPaperScissors.app; sourceTree = BUILT_PRODUCTS_DIR; };
		9447750C24EC15A400878062 /* Info.plist */ = {isa = PBXFileReference; lastKnownFileType = text.plist.xml; path = Info.plist; sourceTree = "<group>"; };
		9447751124EC15A400878062 /* RockPaperScissors.app */ = {isa = PBXFileReference; explicitFileType = wrapper.application; includeInIndex = 0; path = RockPaperScissors.app; sourceTree = BUILT_PRODUCTS_DIR; };
		9447751324EC15A400878062 /* Info.plist */ = {isa = PBXFileReference; lastKnownFileType = text.plist.xml; path = Info.plist; sourceTree = "<group>"; };
		9447751424EC15A400878062 /* macOS.entitlements */ = {isa = PBXFileReference; lastKnownFileType = text.plist.entitlements; path = macOS.entitlements; sourceTree = "<group>"; };
		9447751924EC15A400878062 /* Tests iOS.xctest */ = {isa = PBXFileReference; explicitFileType = wrapper.cfbundle; includeInIndex = 0; path = "Tests iOS.xctest"; sourceTree = BUILT_PRODUCTS_DIR; };
		9447751D24EC15A400878062 /* Tests_iOS.swift */ = {isa = PBXFileReference; lastKnownFileType = sourcecode.swift; path = Tests_iOS.swift; sourceTree = "<group>"; };
		9447751F24EC15A400878062 /* Info.plist */ = {isa = PBXFileReference; lastKnownFileType = text.plist.xml; path = Info.plist; sourceTree = "<group>"; };
		9447752424EC15A400878062 /* Tests macOS.xctest */ = {isa = PBXFileReference; explicitFileType = wrapper.cfbundle; includeInIndex = 0; path = "Tests macOS.xctest"; sourceTree = BUILT_PRODUCTS_DIR; };
		9447752824EC15A400878062 /* Tests_macOS.swift */ = {isa = PBXFileReference; lastKnownFileType = sourcecode.swift; path = Tests_macOS.swift; sourceTree = "<group>"; };
		9447752A24EC15A400878062 /* Info.plist */ = {isa = PBXFileReference; lastKnownFileType = text.plist.xml; path = Info.plist; sourceTree = "<group>"; };
/* End PBXFileReference section */

/* Begin PBXFrameworksBuildPhase section */
		9447750624EC15A400878062 /* Frameworks */ = {
			isa = PBXFrameworksBuildPhase;
			buildActionMask = 2147483647;
			files = (
			);
			runOnlyForDeploymentPostprocessing = 0;
		};
		9447750E24EC15A400878062 /* Frameworks */ = {
			isa = PBXFrameworksBuildPhase;
			buildActionMask = 2147483647;
			files = (
			);
			runOnlyForDeploymentPostprocessing = 0;
		};
		9447751624EC15A400878062 /* Frameworks */ = {
			isa = PBXFrameworksBuildPhase;
			buildActionMask = 2147483647;
			files = (
			);
			runOnlyForDeploymentPostprocessing = 0;
		};
		9447752124EC15A400878062 /* Frameworks */ = {
			isa = PBXFrameworksBuildPhase;
			buildActionMask = 2147483647;
			files = (
			);
			runOnlyForDeploymentPostprocessing = 0;
		};
/* End PBXFrameworksBuildPhase section */

/* Begin PBXGroup section */
		944774FC24EC15A200878062 = {
			isa = PBXGroup;
			children = (
				9447750124EC15A200878062 /* Shared */,
				9447750B24EC15A400878062 /* iOS */,
				9447751224EC15A400878062 /* macOS */,
				9447751C24EC15A400878062 /* Tests iOS */,
				9447752724EC15A400878062 /* Tests macOS */,
				9447750A24EC15A400878062 /* Products */,
			);
			sourceTree = "<group>";
		};
		9447750124EC15A200878062 /* Shared */ = {
			isa = PBXGroup;
			children = (
				9447750224EC15A300878062 /* RockPaperScissorsApp.swift */,
				9447750424EC15A400878062 /* Assets.xcassets */,
			);
			path = Shared;
			sourceTree = "<group>";
		};
		9447750A24EC15A400878062 /* Products */ = {
			isa = PBXGroup;
			children = (
				9447750924EC15A400878062 /* RockPaperScissors.app */,
				9447751124EC15A400878062 /* RockPaperScissors.app */,
				9447751924EC15A400878062 /* Tests iOS.xctest */,
				9447752424EC15A400878062 /* Tests macOS.xctest */,
			);
			name = Products;
			sourceTree = "<group>";
		};
		9447750B24EC15A400878062 /* iOS */ = {
			isa = PBXGroup;
			children = (
				9447750C24EC15A400878062 /* Info.plist */,
			);
			path = iOS;
			sourceTree = "<group>";
		};
		9447751224EC15A400878062 /* macOS */ = {
			isa = PBXGroup;
			children = (
				9447751324EC15A400878062 /* Info.plist */,
				9447751424EC15A400878062 /* macOS.entitlements */,
			);
			path = macOS;
			sourceTree = "<group>";
		};
		9447751C24EC15A400878062 /* Tests iOS */ = {
			isa = PBXGroup;
			children = (
				9447751D24EC15A400878062 /* Tests_iOS.swift */,
				9447751F24EC15A400878062 /* Info.plist */,
			);
			path = "Tests iOS";
			sourceTree = "<group>";
		};
		9447752724EC15A400878062 /* Tests macOS */ = {
			isa = PBXGroup;
			children = (
				9447752824EC15A400878062 /* Tests_macOS.swift */,
				9447752A24EC15A400878062 /* Info.plist */,
			);
			path = "Tests macOS";
			sourceTree = "<group>";
		};
/* End PBXGroup section */

/* Begin PBXNativeTarget section */
		9447750824EC15A400878062 /* RockPaperScissors (iOS) */ = {
			isa = PBXNativeTarget;
			buildConfigurationList = 9447753324EC15A400878062 /* Build configuration list for PBXNativeTarget "RockPaperScissors (iOS)" */;
			buildPhases = (
				9447750524EC15A400878062 /* Sources */,
				9447750624EC15A400878062 /* Frameworks */,
				9447750724EC15A400878062 /* Resources */,
			);
			buildRules = (
			);
			dependencies = (
			);
			name = "RockPaperScissors (iOS)";
			productName = "RockPaperScissors (iOS)";
			productReference = 9447750924EC15A400878062 /* RockPaperScissors.app */;
			productType = "com.apple.product-type.application";
		};
		9447751024EC15A400878062 /* RockPaperScissors (macOS) */ = {
			isa = PBXNativeTarget;
			buildConfigurationList = 9447753624EC15A400878062 /* Build configuration list for PBXNativeTarget "RockPaperScissors (macOS)" */;
			buildPhases = (
				9447750D24EC15A400878062 /* Sources */,
				9447750E24EC15A400878062 /* Frameworks */,
				9447750F24EC15A400878062 /* Resources */,
			);
			buildRules = (
			);
			dependencies = (
			);
			name = "RockPaperScissors (macOS)";
			productName = "RockPaperScissors (macOS)";
			productReference = 9447751124EC15A400878062 /* RockPaperScissors.app */;
			productType = "com.apple.product-type.application";
		};
		9447751824EC15A400878062 /* Tests iOS */ = {
			isa = PBXNativeTarget;
			buildConfigurationList = 9447753924EC15A400878062 /* Build configuration list for PBXNativeTarget "Tests iOS" */;
			buildPhases = (
				9447751524EC15A400878062 /* Sources */,
				9447751624EC15A400878062 /* Frameworks */,
				9447751724EC15A400878062 /* Resources */,
			);
			buildRules = (
			);
			dependencies = (
				9447751B24EC15A400878062 /* PBXTargetDependency */,
			);
			name = "Tests iOS";
			productName = "Tests iOS";
			productReference = 9447751924EC15A400878062 /* Tests iOS.xctest */;
			productType = "com.apple.product-type.bundle.ui-testing";
		};
		9447752324EC15A400878062 /* Tests macOS */ = {
			isa = PBXNativeTarget;
			buildConfigurationList = 9447753C24EC15A400878062 /* Build configuration list for PBXNativeTarget "Tests macOS" */;
			buildPhases = (
				9447752024EC15A400878062 /* Sources */,
				9447752124EC15A400878062 /* Frameworks */,
				9447752224EC15A400878062 /* Resources */,
			);
			buildRules = (
			);
			dependencies = (
				9447752624EC15A400878062 /* PBXTargetDependency */,
			);
			name = "Tests macOS";
			productName = "Tests macOS";
			productReference = 9447752424EC15A400878062 /* Tests macOS.xctest */;
			productType = "com.apple.product-type.bundle.ui-testing";
		};
/* End PBXNativeTarget section */

/* Begin PBXProject section */
		944774FD24EC15A200878062 /* Project object */ = {
			isa = PBXProject;
			attributes = {
				LastSwiftUpdateCheck = 1200;
				LastUpgradeCheck = 1200;
				TargetAttributes = {
					9447750824EC15A400878062 = {
						CreatedOnToolsVersion = 12.0;
					};
					9447751024EC15A400878062 = {
						CreatedOnToolsVersion = 12.0;
					};
					9447751824EC15A400878062 = {
						CreatedOnToolsVersion = 12.0;
						TestTargetID = 9447750824EC15A400878062;
					};
					9447752324EC15A400878062 = {
						CreatedOnToolsVersion = 12.0;
						TestTargetID = 9447751024EC15A400878062;
					};
				};
			};
			buildConfigurationList = 9447750024EC15A200878062 /* Build configuration list for PBXProject "RockPaperScissors" */;
			compatibilityVersion = "Xcode 9.3";
			developmentRegion = en;
			hasScannedForEncodings = 0;
			knownRegions = (
				en,
				Base,
			);
			mainGroup = 944774FC24EC15A200878062;
			productRefGroup = 9447750A24EC15A400878062 /* Products */;
			projectDirPath = "";
			projectRoot = "";
			targets = (
				9447750824EC15A400878062 /* RockPaperScissors (iOS) */,
				9447751024EC15A400878062 /* RockPaperScissors (macOS) */,
				9447751824EC15A400878062 /* Tests iOS */,
				9447752324EC15A400878062 /* Tests macOS */,
			);
		};
/* End PBXProject section */

/* Begin PBXResourcesBuildPhase section */
		9447750724EC15A400878062 /* Resources */ = {
			isa = PBXResourcesBuildPhase;
			buildActionMask = 2147483647;
			files = (
				9447752F24EC15A400878062 /* Assets.xcassets in Resources */,
			);
			runOnlyForDeploymentPostprocessing = 0;
		};
		9447750F24EC15A400878062 /* Resources */ = {
			isa = PBXResourcesBuildPhase;
			buildActionMask = 2147483647;
			files = (
				9447753024EC15A400878062 /* Assets.xcassets in Resources */,
			);
			runOnlyForDeploymentPostprocessing = 0;
		};
		9447751724EC15A400878062 /* Resources */ = {
			isa = PBXResourcesBuildPhase;
			buildActionMask = 2147483647;
			files = (
			);
			runOnlyForDeploymentPostprocessing = 0;
		};
		9447752224EC15A400878062 /* Resources */ = {
			isa = PBXResourcesBuildPhase;
			buildActionMask = 2147483647;
			files = (
			);
			runOnlyForDeploymentPostprocessing = 0;
		};
/* End PBXResourcesBuildPhase section */

/* Begin PBXSourcesBuildPhase section */
		9447750524EC15A400878062 /* Sources */ = {
			isa = PBXSourcesBuildPhase;
			buildActionMask = 2147483647;
			files = (
				9447752B24EC15A400878062 /* RockPaperScissorsApp.swift in Sources */,
			);
			runOnlyForDeploymentPostprocessing = 0;
		};
		9447750D24EC15A400878062 /* Sources */ = {
			isa = PBXSourcesBuildPhase;
			buildActionMask = 2147483647;
			files = (
				9447752C24EC15A400878062 /* RockPaperScissorsApp.swift in Sources */,
			);
			runOnlyForDeploymentPostprocessing = 0;
		};
		9447751524EC15A400878062 /* Sources */ = {
			isa = PBXSourcesBuildPhase;
			buildActionMask = 2147483647;
			files = (
				9447751E24EC15A400878062 /* Tests_iOS.swift in Sources */,
			);
			runOnlyForDeploymentPostprocessing = 0;
		};
		9447752024EC15A400878062 /* Sources */ = {
			isa = PBXSourcesBuildPhase;
			buildActionMask = 2147483647;
			files = (
				9447752924EC15A400878062 /* Tests_macOS.swift in Sources */,
			);
			runOnlyForDeploymentPostprocessing = 0;
		};
/* End PBXSourcesBuildPhase section */

/* Begin PBXTargetDependency section */
		9447751B24EC15A400878062 /* PBXTargetDependency */ = {
			isa = PBXTargetDependency;
			target = 9447750824EC15A400878062 /* RockPaperScissors (iOS) */;
			targetProxy = 9447751A24EC15A400878062 /* PBXContainerItemProxy */;
		};
		9447752624EC15A400878062 /* PBXTargetDependency */ = {
			isa = PBXTargetDependency;
			target = 9447751024EC15A400878062 /* RockPaperScissors (macOS) */;
			targetProxy = 9447752524EC15A400878062 /* PBXContainerItemProxy */;
		};
/* End PBXTargetDependency section */

/* Begin XCBuildConfiguration section */
		9447753124EC15A400878062 /* Debug */ = {
			isa = XCBuildConfiguration;
			buildSettings = {
				ALWAYS_SEARCH_USER_PATHS = NO;
				CLANG_ANALYZER_NONNULL = YES;
				CLANG_ANALYZER_NUMBER_OBJECT_CONVERSION = YES_AGGRESSIVE;
				CLANG_CXX_LANGUAGE_STANDARD = "gnu++14";
				CLANG_CXX_LIBRARY = "libc++";
				CLANG_ENABLE_MODULES = YES;
				CLANG_ENABLE_OBJC_ARC = YES;
				CLANG_ENABLE_OBJC_WEAK = YES;
				CLANG_WARN_BLOCK_CAPTURE_AUTORELEASING = YES;
				CLANG_WARN_BOOL_CONVERSION = YES;
				CLANG_WARN_COMMA = YES;
				CLANG_WARN_CONSTANT_CONVERSION = YES;
				CLANG_WARN_DEPRECATED_OBJC_IMPLEMENTATIONS = YES;
				CLANG_WARN_DIRECT_OBJC_ISA_USAGE = YES_ERROR;
				CLANG_WARN_DOCUMENTATION_COMMENTS = YES;
				CLANG_WARN_EMPTY_BODY = YES;
				CLANG_WARN_ENUM_CONVERSION = YES;
				CLANG_WARN_INFINITE_RECURSION = YES;
				CLANG_WARN_INT_CONVERSION = YES;
				CLANG_WARN_NON_LITERAL_NULL_CONVERSION = YES;
				CLANG_WARN_OBJC_IMPLICIT_RETAIN_SELF = YES;
				CLANG_WARN_OBJC_LITERAL_CONVERSION = YES;
				CLANG_WARN_OBJC_ROOT_CLASS = YES_ERROR;
				CLANG_WARN_QUOTED_INCLUDE_IN_FRAMEWORK_HEADER = YES;
				CLANG_WARN_RANGE_LOOP_ANALYSIS = YES;
				CLANG_WARN_STRICT_PROTOTYPES = YES;
				CLANG_WARN_SUSPICIOUS_MOVE = YES;
				CLANG_WARN_UNGUARDED_AVAILABILITY = YES_AGGRESSIVE;
				CLANG_WARN_UNREACHABLE_CODE = YES;
				CLANG_WARN__DUPLICATE_METHOD_MATCH = YES;
				COPY_PHASE_STRIP = NO;
				DEBUG_INFORMATION_FORMAT = dwarf;
				ENABLE_STRICT_OBJC_MSGSEND = YES;
				ENABLE_TESTABILITY = YES;
				GCC_C_LANGUAGE_STANDARD = gnu11;
				GCC_DYNAMIC_NO_PIC = NO;
				GCC_NO_COMMON_BLOCKS = YES;
				GCC_OPTIMIZATION_LEVEL = 0;
				GCC_PREPROCESSOR_DEFINITIONS = (
					"DEBUG=1",
					"$(inherited)",
				);
				GCC_WARN_64_TO_32_BIT_CONVERSION = YES;
				GCC_WARN_ABOUT_RETURN_TYPE = YES_ERROR;
				GCC_WARN_UNDECLARED_SELECTOR = YES;
				GCC_WARN_UNINITIALIZED_AUTOS = YES_AGGRESSIVE;
				GCC_WARN_UNUSED_FUNCTION = YES;
				GCC_WARN_UNUSED_VARIABLE = YES;
				MTL_ENABLE_DEBUG_INFO = INCLUDE_SOURCE;
				MTL_FAST_MATH = YES;
				ONLY_ACTIVE_ARCH = YES;
				SWIFT_ACTIVE_COMPILATION_CONDITIONS = DEBUG;
				SWIFT_OPTIMIZATION_LEVEL = "-Onone";
			};
			name = Debug;
		};
		9447753224EC15A400878062 /* Release */ = {
			isa = XCBuildConfiguration;
			buildSettings = {
				ALWAYS_SEARCH_USER_PATHS = NO;
				CLANG_ANALYZER_NONNULL = YES;
				CLANG_ANALYZER_NUMBER_OBJECT_CONVERSION = YES_AGGRESSIVE;
				CLANG_CXX_LANGUAGE_STANDARD = "gnu++14";
				CLANG_CXX_LIBRARY = "libc++";
				CLANG_ENABLE_MODULES = YES;
				CLANG_ENABLE_OBJC_ARC = YES;
				CLANG_ENABLE_OBJC_WEAK = YES;
				CLANG_WARN_BLOCK_CAPTURE_AUTORELEASING = YES;
				CLANG_WARN_BOOL_CONVERSION = YES;
				CLANG_WARN_COMMA = YES;
				CLANG_WARN_CONSTANT_CONVERSION = YES;
				CLANG_WARN_DEPRECATED_OBJC_IMPLEMENTATIONS = YES;
				CLANG_WARN_DIRECT_OBJC_ISA_USAGE = YES_ERROR;
				CLANG_WARN_DOCUMENTATION_COMMENTS = YES;
				CLANG_WARN_EMPTY_BODY = YES;
				CLANG_WARN_ENUM_CONVERSION = YES;
				CLANG_WARN_INFINITE_RECURSION = YES;
				CLANG_WARN_INT_CONVERSION = YES;
				CLANG_WARN_NON_LITERAL_NULL_CONVERSION = YES;
				CLANG_WARN_OBJC_IMPLICIT_RETAIN_SELF = YES;
				CLANG_WARN_OBJC_LITERAL_CONVERSION = YES;
				CLANG_WARN_OBJC_ROOT_CLASS = YES_ERROR;
				CLANG_WARN_QUOTED_INCLUDE_IN_FRAMEWORK_HEADER = YES;
				CLANG_WARN_RANGE_LOOP_ANALYSIS = YES;
				CLANG_WARN_STRICT_PROTOTYPES = YES;
				CLANG_WARN_SUSPICIOUS_MOVE = YES;
				CLANG_WARN_UNGUARDED_AVAILABILITY = YES_AGGRESSIVE;
				CLANG_WARN_UNREACHABLE_CODE = YES;
				CLANG_WARN__DUPLICATE_METHOD_MATCH = YES;
				COPY_PHASE_STRIP = NO;
				DEBUG_INFORMATION_FORMAT = "dwarf-with-dsym";
				ENABLE_NS_ASSERTIONS = NO;
				ENABLE_STRICT_OBJC_MSGSEND = YES;
				GCC_C_LANGUAGE_STANDARD = gnu11;
				GCC_NO_COMMON_BLOCKS = YES;
				GCC_WARN_64_TO_32_BIT_CONVERSION = YES;
				GCC_WARN_ABOUT_RETURN_TYPE = YES_ERROR;
				GCC_WARN_UNDECLARED_SELECTOR = YES;
				GCC_WARN_UNINITIALIZED_AUTOS = YES_AGGRESSIVE;
				GCC_WARN_UNUSED_FUNCTION = YES;
				GCC_WARN_UNUSED_VARIABLE = YES;
				MTL_ENABLE_DEBUG_INFO = NO;
				MTL_FAST_MATH = YES;
				SWIFT_COMPILATION_MODE = wholemodule;
				SWIFT_OPTIMIZATION_LEVEL = "-O";
			};
			name = Release;
		};
		9447753424EC15A400878062 /* Debug */ = {
			isa = XCBuildConfiguration;
			buildSettings = {
				ASSETCATALOG_COMPILER_APPICON_NAME = AppIcon;
				ASSETCATALOG_COMPILER_GLOBAL_ACCENT_COLOR_NAME = AccentColor;
				CODE_SIGN_STYLE = Automatic;
				DEVELOPMENT_TEAM = R46XFWWPMA;
				ENABLE_PREVIEWS = YES;
				INFOPLIST_FILE = iOS/Info.plist;
				IPHONEOS_DEPLOYMENT_TARGET = 14.0;
				LD_RUNPATH_SEARCH_PATHS = (
					"$(inherited)",
					"@executable_path/Frameworks",
				);
				PRODUCT_BUNDLE_IDENTIFIER = com.soohan.RockPaperScissors;
				PRODUCT_NAME = RockPaperScissors;
				SDKROOT = iphoneos;
				SWIFT_VERSION = 5.0;
				TARGETED_DEVICE_FAMILY = "1,2";
			};
			name = Debug;
		};
		9447753524EC15A400878062 /* Release */ = {
			isa = XCBuildConfiguration;
			buildSettings = {
				ASSETCATALOG_COMPILER_APPICON_NAME = AppIcon;
				ASSETCATALOG_COMPILER_GLOBAL_ACCENT_COLOR_NAME = AccentColor;
				CODE_SIGN_STYLE = Automatic;
				DEVELOPMENT_TEAM = R46XFWWPMA;
				ENABLE_PREVIEWS = YES;
				INFOPLIST_FILE = iOS/Info.plist;
				IPHONEOS_DEPLOYMENT_TARGET = 14.0;
				LD_RUNPATH_SEARCH_PATHS = (
					"$(inherited)",
					"@executable_path/Frameworks",
				);
				PRODUCT_BUNDLE_IDENTIFIER = com.soohan.RockPaperScissors;
				PRODUCT_NAME = RockPaperScissors;
				SDKROOT = iphoneos;
				SWIFT_VERSION = 5.0;
				TARGETED_DEVICE_FAMILY = "1,2";
				VALIDATE_PRODUCT = YES;
			};
			name = Release;
		};
		9447753724EC15A400878062 /* Debug */ = {
			isa = XCBuildConfiguration;
			buildSettings = {
				ASSETCATALOG_COMPILER_APPICON_NAME = AppIcon;
				ASSETCATALOG_COMPILER_GLOBAL_ACCENT_COLOR_NAME = AccentColor;
				CODE_SIGN_ENTITLEMENTS = macOS/macOS.entitlements;
				CODE_SIGN_STYLE = Automatic;
				COMBINE_HIDPI_IMAGES = YES;
				DEVELOPMENT_TEAM = R46XFWWPMA;
				ENABLE_HARDENED_RUNTIME = YES;
				ENABLE_PREVIEWS = YES;
				INFOPLIST_FILE = macOS/Info.plist;
				LD_RUNPATH_SEARCH_PATHS = (
					"$(inherited)",
					"@executable_path/../Frameworks",
				);
				MACOSX_DEPLOYMENT_TARGET = 11.0;
				PRODUCT_BUNDLE_IDENTIFIER = com.soohan.RockPaperScissors;
				PRODUCT_NAME = RockPaperScissors;
				SDKROOT = macosx;
				SWIFT_VERSION = 5.0;
			};
			name = Debug;
		};
		9447753824EC15A400878062 /* Release */ = {
			isa = XCBuildConfiguration;
			buildSettings = {
				ASSETCATALOG_COMPILER_APPICON_NAME = AppIcon;
				ASSETCATALOG_COMPILER_GLOBAL_ACCENT_COLOR_NAME = AccentColor;
				CODE_SIGN_ENTITLEMENTS = macOS/macOS.entitlements;
				CODE_SIGN_STYLE = Automatic;
				COMBINE_HIDPI_IMAGES = YES;
				DEVELOPMENT_TEAM = R46XFWWPMA;
				ENABLE_HARDENED_RUNTIME = YES;
				ENABLE_PREVIEWS = YES;
				INFOPLIST_FILE = macOS/Info.plist;
				LD_RUNPATH_SEARCH_PATHS = (
					"$(inherited)",
					"@executable_path/../Frameworks",
				);
				MACOSX_DEPLOYMENT_TARGET = 11.0;
				PRODUCT_BUNDLE_IDENTIFIER = com.soohan.RockPaperScissors;
				PRODUCT_NAME = RockPaperScissors;
				SDKROOT = macosx;
				SWIFT_VERSION = 5.0;
			};
			name = Release;
		};
		9447753A24EC15A400878062 /* Debug */ = {
			isa = XCBuildConfiguration;
			buildSettings = {
				ALWAYS_EMBED_SWIFT_STANDARD_LIBRARIES = YES;
				CODE_SIGN_STYLE = Automatic;
				DEVELOPMENT_TEAM = R46XFWWPMA;
				INFOPLIST_FILE = "Tests iOS/Info.plist";
				IPHONEOS_DEPLOYMENT_TARGET = 14.0;
				LD_RUNPATH_SEARCH_PATHS = (
					"$(inherited)",
					"@executable_path/Frameworks",
					"@loader_path/Frameworks",
				);
				PRODUCT_BUNDLE_IDENTIFIER = "com.soohan.Tests-iOS";
				PRODUCT_NAME = "$(TARGET_NAME)";
				SDKROOT = iphoneos;
				SWIFT_VERSION = 5.0;
				TARGETED_DEVICE_FAMILY = "1,2";
				TEST_TARGET_NAME = "RockPaperScissors (iOS)";
			};
			name = Debug;
		};
		9447753B24EC15A400878062 /* Release */ = {
			isa = XCBuildConfiguration;
			buildSettings = {
				ALWAYS_EMBED_SWIFT_STANDARD_LIBRARIES = YES;
				CODE_SIGN_STYLE = Automatic;
				DEVELOPMENT_TEAM = R46XFWWPMA;
				INFOPLIST_FILE = "Tests iOS/Info.plist";
				IPHONEOS_DEPLOYMENT_TARGET = 14.0;
				LD_RUNPATH_SEARCH_PATHS = (
					"$(inherited)",
					"@executable_path/Frameworks",
					"@loader_path/Frameworks",
				);
				PRODUCT_BUNDLE_IDENTIFIER = "com.soohan.Tests-iOS";
				PRODUCT_NAME = "$(TARGET_NAME)";
				SDKROOT = iphoneos;
				SWIFT_VERSION = 5.0;
				TARGETED_DEVICE_FAMILY = "1,2";
				TEST_TARGET_NAME = "RockPaperScissors (iOS)";
				VALIDATE_PRODUCT = YES;
			};
			name = Release;
		};
		9447753D24EC15A400878062 /* Debug */ = {
			isa = XCBuildConfiguration;
			buildSettings = {
				ALWAYS_EMBED_SWIFT_STANDARD_LIBRARIES = YES;
				CODE_SIGN_STYLE = Automatic;
				COMBINE_HIDPI_IMAGES = YES;
				DEVELOPMENT_TEAM = R46XFWWPMA;
				INFOPLIST_FILE = "Tests macOS/Info.plist";
				LD_RUNPATH_SEARCH_PATHS = (
					"$(inherited)",
					"@executable_path/../Frameworks",
					"@loader_path/../Frameworks",
				);
				MACOSX_DEPLOYMENT_TARGET = 11.0;
				PRODUCT_BUNDLE_IDENTIFIER = "com.soohan.Tests-macOS";
				PRODUCT_NAME = "$(TARGET_NAME)";
				SDKROOT = macosx;
				SWIFT_VERSION = 5.0;
				TEST_TARGET_NAME = "RockPaperScissors (macOS)";
			};
			name = Debug;
		};
		9447753E24EC15A400878062 /* Release */ = {
			isa = XCBuildConfiguration;
			buildSettings = {
				ALWAYS_EMBED_SWIFT_STANDARD_LIBRARIES = YES;
				CODE_SIGN_STYLE = Automatic;
				COMBINE_HIDPI_IMAGES = YES;
				DEVELOPMENT_TEAM = R46XFWWPMA;
				INFOPLIST_FILE = "Tests macOS/Info.plist";
				LD_RUNPATH_SEARCH_PATHS = (
					"$(inherited)",
					"@executable_path/../Frameworks",
					"@loader_path/../Frameworks",
				);
				MACOSX_DEPLOYMENT_TARGET = 11.0;
				PRODUCT_BUNDLE_IDENTIFIER = "com.soohan.Tests-macOS";
				PRODUCT_NAME = "$(TARGET_NAME)";
				SDKROOT = macosx;
				SWIFT_VERSION = 5.0;
				TEST_TARGET_NAME = "RockPaperScissors (macOS)";
			};
			name = Release;
		};
/* End XCBuildConfiguration section */

/* Begin XCConfigurationList section */
		9447750024EC15A200878062 /* Build configuration list for PBXProject "RockPaperScissors" */ = {
			isa = XCConfigurationList;
			buildConfigurations = (
				9447753124EC15A400878062 /* Debug */,
				9447753224EC15A400878062 /* Release */,
			);
			defaultConfigurationIsVisible = 0;
			defaultConfigurationName = Release;
		};
		9447753324EC15A400878062 /* Build configuration list for PBXNativeTarget "RockPaperScissors (iOS)" */ = {
			isa = XCConfigurationList;
			buildConfigurations = (
				9447753424EC15A400878062 /* Debug */,
				9447753524EC15A400878062 /* Release */,
			);
			defaultConfigurationIsVisible = 0;
			defaultConfigurationName = Release;
		};
		9447753624EC15A400878062 /* Build configuration list for PBXNativeTarget "RockPaperScissors (macOS)" */ = {
			isa = XCConfigurationList;
			buildConfigurations = (
				9447753724EC15A400878062 /* Debug */,
				9447753824EC15A400878062 /* Release */,
			);
			defaultConfigurationIsVisible = 0;
			defaultConfigurationName = Release;
		};
		9447753924EC15A400878062 /* Build configuration list for PBXNativeTarget "Tests iOS" */ = {
			isa = XCConfigurationList;
			buildConfigurations = (
				9447753A24EC15A400878062 /* Debug */,
				9447753B24EC15A400878062 /* Release */,
			);
			defaultConfigurationIsVisible = 0;
			defaultConfigurationName = Release;
		};
		9447753C24EC15A400878062 /* Build configuration list for PBXNativeTarget "Tests macOS" */ = {
			isa = XCConfigurationList;
			buildConfigurations = (
				9447753D24EC15A400878062 /* Debug */,
				9447753E24EC15A400878062 /* Release */,
			);
			defaultConfigurationIsVisible = 0;
			defaultConfigurationName = Release;
		};
/* End XCConfigurationList section */
	};
	rootObject = 944774FD24EC15A200878062 /* Project object */;
}
